
Microsoft Visual Studio Solution File, Format Version 12.00
# Visual Studio Version 17
VisualStudioVersion = 17.11.35303.130
MinimumVisualStudioVersion = 10.0.40219.1
Project("{2150E333-8FDC-42A3-9474-1A3956D46DE8}") = "Task0", "Task0", "{D04CF213-5C64-45B8-AAFD-7E71A39770C0}"
EndProject
Project("{FAE04EC0-301F-11D3-BF4B-00C04F79EFBC}") = "Tyuiu.KotievaAm.Sprint0.Task0.v0", "Tyuiu.KotievaAm.Sprint0.Task0.v0\Tyuiu.KotievaAm.Sprint0.Task0.v0.csproj", "{34D7E314-A69B-4B29-A503-A1C682CB62C9}"
EndProject
Project("{2150E333-8FDC-42A3-9474-1A3956D46DE8}") = "Task1", "Task1", "{86A480E4-A856-406E-9E8C-10233A8DF48D}"
EndProject
Project("{FAE04EC0-301F-11D3-BF4B-00C04F79EFBC}") = "Tyuiu.KotievaAm.Sprint0.Task1.V0", "Tyuiu.KotievaAm.Sprint0.Task1.V0\Tyuiu.KotievaAm.Sprint0.Task1.V0.csproj", "{A34F9857-96FD-40A3-8904-39E352EF0E89}"
EndProject
Project("{2150E333-8FDC-42A3-9474-1A3956D46DE8}") = "Task2", "Task2", "{045DE662-17CD-471B-9C87-6646C8B887A9}"
EndProject
Project("{FAE04EC0-301F-11D3-BF4B-00C04F79EFBC}") = "Tyuiu.KotievaAm.Sprint0.Task2.V0", "Tyuiu.KotievaAm.Sprint0.Task2.V0\Tyuiu.KotievaAm.Sprint0.Task2.V0.csproj", "{59252921-25E3-4982-8FA2-9DA48B840418}"
EndProject
Project("{FAE04EC0-301F-11D3-BF4B-00C04F79EFBC}") = "Tyuiu.KotievaAm.Sprint0.Task2.V0.Lib", "Tyuiu.KotievaAm.Sprint0.Task2.V0.Lib\Tyuiu.KotievaAm.Sprint0.Task2.V0.Lib.csproj", "{F9E4303F-6E41-4B7B-9C7B-60AECE668FA4}"
EndProject
Project("{FAE04EC0-301F-11D3-BF4B-00C04F79EFBC}") = "Tyuiu.KotievaAm.Sprint0.Task2.V0.Test", "Tyuiu.KotievaAm.Sprint0.Task2.V0.Test\Tyuiu.KotievaAm.Sprint0.Task2.V0.Test.csproj", "{C06496B3-2C29-4C4F-B574-D5C3E778FF6A}"
EndProject
Project("{2150E333-8FDC-42A3-9474-1A3956D46DE8}") = "Task3", "Task3", "{99AFA67B-A32E-4FF5-8870-182C91A083F8}"
EndProject
Project("{FAE04EC0-301F-11D3-BF4B-00C04F79EFBC}") = "Tyuiu.KotievaAm.Sprint0.Task3.V0", "Tyuiu.KotievaAm.Sprint0.Task3.V0\Tyuiu.KotievaAm.Sprint0.Task3.V0.csproj", "{358E99F5-7403-46A7-9BA7-807CBB04D840}"
EndProject
Project("{FAE04EC0-301F-11D3-BF4B-00C04F79EFBC}") = "Tyuiu.KotievaAm.Sprint0.Task3.V0.Test", "Tyuiu.KotievaAm.Sprint0.Task3.V0.Test\Tyuiu.KotievaAm.Sprint0.Task3.V0.Test.csproj", "{E7700FF8-DC27-4567-AC1A-026D670600F2}"
EndProject
Project("{FAE04EC0-301F-11D3-BF4B-00C04F79EFBC}") = "Tyuiu.KotievaAm.Sprint0.Task3.V0.Lib", "Tyuiu.KotievaAm.Sprint0.Task3.V0.Lib\Tyuiu.KotievaAm.Sprint0.Task3.V0.Lib.csproj", "{D66201A3-1DC7-44D6-BF25-D3C15A512722}"
EndProject
Project("{2150E333-8FDC-42A3-9474-1A3956D46DE8}") = "Task4", "Task4", "{F04C7463-081F-4AEF-BC5D-73AA69645A58}"
EndProject
Project("{FAE04EC0-301F-11D3-BF4B-00C04F79EFBC}") = "Tyuiu.KotievaAm.Sprint0.Task4.V0.Lib", "Tyuiu.KotievaAm.Sprint0.Task4.V0.Lib\Tyuiu.KotievaAm.Sprint0.Task4.V0.Lib.csproj", "{61F76489-0A85-4943-B26A-C173402C7EE1}"
EndProject
Project("{FAE04EC0-301F-11D3-BF4B-00C04F79EFBC}") = "Tyuiu.KotievaAm.Sprint0.Task4.V0.Test", "Tyuiu.KotievaAm.Sprint0.Task4.V0.Test\Tyuiu.KotievaAm.Sprint0.Task4.V0.Test.csproj", "{3B7CB036-B3BD-4449-B6CC-E7E3B1F60971}"
EndProject
Project("{FAE04EC0-301F-11D3-BF4B-00C04F79EFBC}") = "Tyuiu.KotievaAm.Sprint0.Task4.V0", "Tyuiu.KotievaAm.Sprint0.Task4.V0\Tyuiu.KotievaAm.Sprint0.Task4.V0.csproj", "{E5FBCC7E-7664-43B6-B59B-B749AF081D08}"
EndProject
Global
	GlobalSection(SolutionConfigurationPlatforms) = preSolution
		Debug|Any CPU = Debug|Any CPU
		Release|Any CPU = Release|Any CPU
	EndGlobalSection
	GlobalSection(ProjectConfigurationPlatforms) = postSolution
		{34D7E314-A69B-4B29-A503-A1C682CB62C9}.Debug|Any CPU.ActiveCfg = Debug|Any CPU
		{34D7E314-A69B-4B29-A503-A1C682CB62C9}.Debug|Any CPU.Build.0 = Debug|Any CPU
		{34D7E314-A69B-4B29-A503-A1C682CB62C9}.Release|Any CPU.ActiveCfg = Release|Any CPU
		{34D7E314-A69B-4B29-A503-A1C682CB62C9}.Release|Any CPU.Build.0 = Release|Any CPU
		{A34F9857-96FD-40A3-8904-39E352EF0E89}.Debug|Any CPU.ActiveCfg = Debug|Any CPU
		{A34F9857-96FD-40A3-8904-39E352EF0E89}.Debug|Any CPU.Build.0 = Debug|Any CPU
		{A34F9857-96FD-40A3-8904-39E352EF0E89}.Release|Any CPU.ActiveCfg = Release|Any CPU
		{A34F9857-96FD-40A3-8904-39E352EF0E89}.Release|Any CPU.Build.0 = Release|Any CPU
		{59252921-25E3-4982-8FA2-9DA48B840418}.Debug|Any CPU.ActiveCfg = Debug|Any CPU
		{59252921-25E3-4982-8FA2-9DA48B840418}.Debug|Any CPU.Build.0 = Debug|Any CPU
		{59252921-25E3-4982-8FA2-9DA48B840418}.Release|Any CPU.ActiveCfg = Release|Any CPU
		{59252921-25E3-4982-8FA2-9DA48B840418}.Release|Any CPU.Build.0 = Release|Any CPU
		{F9E4303F-6E41-4B7B-9C7B-60AECE668FA4}.Debug|Any CPU.ActiveCfg = Debug|Any CPU
		{F9E4303F-6E41-4B7B-9C7B-60AECE668FA4}.Debug|Any CPU.Build.0 = Debug|Any CPU
		{F9E4303F-6E41-4B7B-9C7B-60AECE668FA4}.Release|Any CPU.ActiveCfg = Release|Any CPU
		{F9E4303F-6E41-4B7B-9C7B-60AECE668FA4}.Release|Any CPU.Build.0 = Release|Any CPU
		{C06496B3-2C29-4C4F-B574-D5C3E778FF6A}.Debug|Any CPU.ActiveCfg = Debug|Any CPU
		{C06496B3-2C29-4C4F-B574-D5C3E778FF6A}.Debug|Any CPU.Build.0 = Debug|Any CPU
		{C06496B3-2C29-4C4F-B574-D5C3E778FF6A}.Release|Any CPU.ActiveCfg = Release|Any CPU
		{C06496B3-2C29-4C4F-B574-D5C3E778FF6A}.Release|Any CPU.Build.0 = Release|Any CPU
		{358E99F5-7403-46A7-9BA7-807CBB04D840}.Debug|Any CPU.ActiveCfg = Debug|Any CPU
		{358E99F5-7403-46A7-9BA7-807CBB04D840}.Debug|Any CPU.Build.0 = Debug|Any CPU
		{358E99F5-7403-46A7-9BA7-807CBB04D840}.Release|Any CPU.ActiveCfg = Release|Any CPU
		{358E99F5-7403-46A7-9BA7-807CBB04D840}.Release|Any CPU.Build.0 = Release|Any CPU
		{E7700FF8-DC27-4567-AC1A-026D670600F2}.Debug|Any CPU.ActiveCfg = Debug|Any CPU
		{E7700FF8-DC27-4567-AC1A-026D670600F2}.Debug|Any CPU.Build.0 = Debug|Any CPU
		{E7700FF8-DC27-4567-AC1A-026D670600F2}.Release|Any CPU.ActiveCfg = Release|Any CPU
		{E7700FF8-DC27-4567-AC1A-026D670600F2}.Release|Any CPU.Build.0 = Release|Any CPU
		{D66201A3-1DC7-44D6-BF25-D3C15A512722}.Debug|Any CPU.ActiveCfg = Debug|Any CPU
		{D66201A3-1DC7-44D6-BF25-D3C15A512722}.Debug|Any CPU.Build.0 = Debug|Any CPU
		{D66201A3-1DC7-44D6-BF25-D3C15A512722}.Release|Any CPU.ActiveCfg = Release|Any CPU
		{D66201A3-1DC7-44D6-BF25-D3C15A512722}.Release|Any CPU.Build.0 = Release|Any CPU
		{61F76489-0A85-4943-B26A-C173402C7EE1}.Debug|Any CPU.ActiveCfg = Debug|Any CPU
		{61F76489-0A85-4943-B26A-C173402C7EE1}.Debug|Any CPU.Build.0 = Debug|Any CPU
		{61F76489-0A85-4943-B26A-C173402C7EE1}.Release|Any CPU.ActiveCfg = Release|Any CPU
		{61F76489-0A85-4943-B26A-C173402C7EE1}.Release|Any CPU.Build.0 = Release|Any CPU
		{3B7CB036-B3BD-4449-B6CC-E7E3B1F60971}.Debug|Any CPU.ActiveCfg = Debug|Any CPU
		{3B7CB036-B3BD-4449-B6CC-E7E3B1F60971}.Debug|Any CPU.Build.0 = Debug|Any CPU
		{3B7CB036-B3BD-4449-B6CC-E7E3B1F60971}.Release|Any CPU.ActiveCfg = Release|Any CPU
		{3B7CB036-B3BD-4449-B6CC-E7E3B1F60971}.Release|Any CPU.Build.0 = Release|Any CPU
		{E5FBCC7E-7664-43B6-B59B-B749AF081D08}.Debug|Any CPU.ActiveCfg = Debug|Any CPU
		{E5FBCC7E-7664-43B6-B59B-B749AF081D08}.Debug|Any CPU.Build.0 = Debug|Any CPU
		{E5FBCC7E-7664-43B6-B59B-B749AF081D08}.Release|Any CPU.ActiveCfg = Release|Any CPU
		{E5FBCC7E-7664-43B6-B59B-B749AF081D08}.Release|Any CPU.Build.0 = Release|Any CPU
	EndGlobalSection
	GlobalSection(SolutionProperties) = preSolution
		HideSolutionNode = FALSE
	EndGlobalSection
	GlobalSection(NestedProjects) = preSolution
		{34D7E314-A69B-4B29-A503-A1C682CB62C9} = {D04CF213-5C64-45B8-AAFD-7E71A39770C0}
		{A34F9857-96FD-40A3-8904-39E352EF0E89} = {86A480E4-A856-406E-9E8C-10233A8DF48D}
		{59252921-25E3-4982-8FA2-9DA48B840418} = {045DE662-17CD-471B-9C87-6646C8B887A9}
		{F9E4303F-6E41-4B7B-9C7B-60AECE668FA4} = {045DE662-17CD-471B-9C87-6646C8B887A9}
		{C06496B3-2C29-4C4F-B574-D5C3E778FF6A} = {045DE662-17CD-471B-9C87-6646C8B887A9}
		{358E99F5-7403-46A7-9BA7-807CBB04D840} = {99AFA67B-A32E-4FF5-8870-182C91A083F8}
		{E7700FF8-DC27-4567-AC1A-026D670600F2} = {99AFA67B-A32E-4FF5-8870-182C91A083F8}
		{D66201A3-1DC7-44D6-BF25-D3C15A512722} = {99AFA67B-A32E-4FF5-8870-182C91A083F8}
		{61F76489-0A85-4943-B26A-C173402C7EE1} = {F04C7463-081F-4AEF-BC5D-73AA69645A58}
		{3B7CB036-B3BD-4449-B6CC-E7E3B1F60971} = {F04C7463-081F-4AEF-BC5D-73AA69645A58}
		{E5FBCC7E-7664-43B6-B59B-B749AF081D08} = {F04C7463-081F-4AEF-BC5D-73AA69645A58}
	EndGlobalSection
	GlobalSection(ExtensibilityGlobals) = postSolution
		SolutionGuid = {458CCDDC-B40A-44FE-B358-948C1AA2BA47}
	EndGlobalSection
EndGlobal
